// !$*UTF8*$!
{
	archiveVersion = 1;
	classes = {
	};
	objectVersion = 50;
	objects = {

/* Begin PBXBuildFile section */
		5CC01E3D221605AF00D4FB19 /* QuoteTableViewController.swift in Sources */ = {isa = PBXBuildFile; fileRef = 5CC01E3C221605AF00D4FB19 /* QuoteTableViewController.swift */; };
		5CC01E3F2217D3CD00D4FB19 /* Quote.swift in Sources */ = {isa = PBXBuildFile; fileRef = 5CC01E3E2217D3CD00D4FB19 /* Quote.swift */; };
		5CC01E412217D47500D4FB19 /* QuoteArray.swift in Sources */ = {isa = PBXBuildFile; fileRef = 5CC01E402217D47500D4FB19 /* QuoteArray.swift */; };
		5CC01E43221BA1FD00D4FB19 /* AuthorTableViewController.swift in Sources */ = {isa = PBXBuildFile; fileRef = 5CC01E42221BA1FD00D4FB19 /* AuthorTableViewController.swift */; };
		5CDCF97222136E6200E3CA19 /* AppDelegate.swift in Sources */ = {isa = PBXBuildFile; fileRef = 5CDCF97122136E6200E3CA19 /* AppDelegate.swift */; };
		5CDCF97722136E6200E3CA19 /* Main.storyboard in Resources */ = {isa = PBXBuildFile; fileRef = 5CDCF97522136E6200E3CA19 /* Main.storyboard */; };
		5CDCF97922136E6300E3CA19 /* Assets.xcassets in Resources */ = {isa = PBXBuildFile; fileRef = 5CDCF97822136E6300E3CA19 /* Assets.xcassets */; };
		5CDCF97C22136E6300E3CA19 /* LaunchScreen.storyboard in Resources */ = {isa = PBXBuildFile; fileRef = 5CDCF97A22136E6300E3CA19 /* LaunchScreen.storyboard */; };
/* End PBXBuildFile section */

/* Begin PBXFileReference section */
		5CC01E3C221605AF00D4FB19 /* QuoteTableViewController.swift */ = {isa = PBXFileReference; lastKnownFileType = sourcecode.swift; path = QuoteTableViewController.swift; sourceTree = "<group>"; };
		5CC01E3E2217D3CD00D4FB19 /* Quote.swift */ = {isa = PBXFileReference; lastKnownFileType = sourcecode.swift; path = Quote.swift; sourceTree = "<group>"; };
		5CC01E402217D47500D4FB19 /* QuoteArray.swift */ = {isa = PBXFileReference; lastKnownFileType = sourcecode.swift; path = QuoteArray.swift; sourceTree = "<group>"; };
		5CC01E42221BA1FD00D4FB19 /* AuthorTableViewController.swift */ = {isa = PBXFileReference; lastKnownFileType = sourcecode.swift; path = AuthorTableViewController.swift; sourceTree = "<group>"; };
		5CDCF96E22136E6200E3CA19 /* QuotesApp.app */ = {isa = PBXFileReference; explicitFileType = wrapper.application; includeInIndex = 0; path = QuotesApp.app; sourceTree = BUILT_PRODUCTS_DIR; };
		5CDCF97122136E6200E3CA19 /* AppDelegate.swift */ = {isa = PBXFileReference; lastKnownFileType = sourcecode.swift; path = AppDelegate.swift; sourceTree = "<group>"; };
		5CDCF97622136E6200E3CA19 /* Base */ = {isa = PBXFileReference; lastKnownFileType = file.storyboard; name = Base; path = Base.lproj/Main.storyboard; sourceTree = "<group>"; };
		5CDCF97822136E6300E3CA19 /* Assets.xcassets */ = {isa = PBXFileReference; lastKnownFileType = folder.assetcatalog; path = Assets.xcassets; sourceTree = "<group>"; };
		5CDCF97B22136E6300E3CA19 /* Base */ = {isa = PBXFileReference; lastKnownFileType = file.storyboard; name = Base; path = Base.lproj/LaunchScreen.storyboard; sourceTree = "<group>"; };
		5CDCF97D22136E6300E3CA19 /* Info.plist */ = {isa = PBXFileReference; lastKnownFileType = text.plist.xml; path = Info.plist; sourceTree = "<group>"; };
/* End PBXFileReference section */

/* Begin PBXFrameworksBuildPhase section */
		5CDCF96B22136E6200E3CA19 /* Frameworks */ = {
			isa = PBXFrameworksBuildPhase;
			buildActionMask = 2147483647;
			files = (
			);
			runOnlyForDeploymentPostprocessing = 0;
		};
/* End PBXFrameworksBuildPhase section */

/* Begin PBXGroup section */
		5CC01E44221BA21A00D4FB19 /* Controller */ = {
			isa = PBXGroup;
			children = (
				5CDCF97122136E6200E3CA19 /* AppDelegate.swift */,
				5CC01E3C221605AF00D4FB19 /* QuoteTableViewController.swift */,
				5CC01E42221BA1FD00D4FB19 /* AuthorTableViewController.swift */,
			);
			path = Controller;
			sourceTree = "<group>";
		};
		5CC01E45221BA23400D4FB19 /* Model */ = {
			isa = PBXGroup;
			children = (
				5CC01E3E2217D3CD00D4FB19 /* Quote.swift */,
				5CC01E402217D47500D4FB19 /* QuoteArray.swift */,
			);
			path = Model;
			sourceTree = "<group>";
		};
		5CC01E46221BA25300D4FB19 /* View */ = {
			isa = PBXGroup;
			children = (
				5CDCF97522136E6200E3CA19 /* Main.storyboard */,
			);
			path = View;
			sourceTree = "<group>";
		};
		5CDCF96522136E6200E3CA19 = {
			isa = PBXGroup;
			children = (
				5CDCF97022136E6200E3CA19 /* QuotesApp */,
				5CDCF96F22136E6200E3CA19 /* Products */,
			);
			sourceTree = "<group>";
		};
		5CDCF96F22136E6200E3CA19 /* Products */ = {
			isa = PBXGroup;
			children = (
				5CDCF96E22136E6200E3CA19 /* QuotesApp.app */,
			);
			name = Products;
			sourceTree = "<group>";
		};
		5CDCF97022136E6200E3CA19 /* QuotesApp */ = {
			isa = PBXGroup;
			children = (
				5CC01E45221BA23400D4FB19 /* Model */,
				5CC01E46221BA25300D4FB19 /* View */,
				5CC01E44221BA21A00D4FB19 /* Controller */,
				5CDCF97822136E6300E3CA19 /* Assets.xcassets */,
				5CDCF97A22136E6300E3CA19 /* LaunchScreen.storyboard */,
				5CDCF97D22136E6300E3CA19 /* Info.plist */,
			);
			path = QuotesApp;
			sourceTree = "<group>";
		};
/* End PBXGroup section */

/* Begin PBXNativeTarget section */
		5CDCF96D22136E6200E3CA19 /* QuotesApp */ = {
			isa = PBXNativeTarget;
			buildConfigurationList = 5CDCF98022136E6300E3CA19 /* Build configuration list for PBXNativeTarget "QuotesApp" */;
			buildPhases = (
				5CDCF96A22136E6200E3CA19 /* Sources */,
				5CDCF96B22136E6200E3CA19 /* Frameworks */,
				5CDCF96C22136E6200E3CA19 /* Resources */,
			);
			buildRules = (
			);
			dependencies = (
			);
			name = QuotesApp;
			productName = QuotesApp;
			productReference = 5CDCF96E22136E6200E3CA19 /* QuotesApp.app */;
			productType = "com.apple.product-type.application";
		};
/* End PBXNativeTarget section */

/* Begin PBXProject section */
		5CDCF96622136E6200E3CA19 /* Project object */ = {
			isa = PBXProject;
			attributes = {
				LastSwiftUpdateCheck = 1020;
				LastUpgradeCheck = 1020;
				ORGANIZATIONNAME = "Michael Miles";
				TargetAttributes = {
					5CDCF96D22136E6200E3CA19 = {
						CreatedOnToolsVersion = 10.2;
					};
				};
			};
			buildConfigurationList = 5CDCF96922136E6200E3CA19 /* Build configuration list for PBXProject "QuotesApp" */;
			compatibilityVersion = "Xcode 9.3";
			developmentRegion = en;
			hasScannedForEncodings = 0;
			knownRegions = (
				en,
				Base,
			);
			mainGroup = 5CDCF96522136E6200E3CA19;
			productRefGroup = 5CDCF96F22136E6200E3CA19 /* Products */;
			projectDirPath = "";
			projectRoot = "";
			targets = (
				5CDCF96D22136E6200E3CA19 /* QuotesApp */,
			);
		};
/* End PBXProject section */

/* Begin PBXResourcesBuildPhase section */
		5CDCF96C22136E6200E3CA19 /* Resources */ = {
			isa = PBXResourcesBuildPhase;
			buildActionMask = 2147483647;
			files = (
				5CDCF97C22136E6300E3CA19 /* LaunchScreen.storyboard in Resources */,
				5CDCF97922136E6300E3CA19 /* Assets.xcassets in Resources */,
				5CDCF97722136E6200E3CA19 /* Main.storyboard in Resources */,
			);
			runOnlyForDeploymentPostprocessing = 0;
		};
/* End PBXResourcesBuildPhase section */

/* Begin PBXSourcesBuildPhase section */
		5CDCF96A22136E6200E3CA19 /* Sources */ = {
			isa = PBXSourcesBuildPhase;
			buildActionMask = 2147483647;
			files = (
				5CC01E412217D47500D4FB19 /* QuoteArray.swift in Sources */,
				5CC01E3D221605AF00D4FB19 /* QuoteTableViewController.swift in Sources */,
				5CC01E43221BA1FD00D4FB19 /* AuthorTableViewController.swift in Sources */,
				5CC01E3F2217D3CD00D4FB19 /* Quote.swift in Sources */,
				5CDCF97222136E6200E3CA19 /* AppDelegate.swift in Sources */,
			);
			runOnlyForDeploymentPostprocessing = 0;
		};
/* End PBXSourcesBuildPhase section */

/* Begin PBXVariantGroup section */
		5CDCF97522136E6200E3CA19 /* Main.storyboard */ = {
			isa = PBXVariantGroup;
			children = (
				5CDCF97622136E6200E3CA19 /* Base */,
			);
			name = Main.storyboard;
			sourceTree = "<group>";
		};
		5CDCF97A22136E6300E3CA19 /* LaunchScreen.storyboard */ = {
			isa = PBXVariantGroup;
			children = (
				5CDCF97B22136E6300E3CA19 /* Base */,
			);
			name = LaunchScreen.storyboard;
			sourceTree = "<group>";
		};
/* End PBXVariantGroup section */

/* Begin XCBuildConfiguration section */
		5CDCF97E22136E6300E3CA19 /* Debug */ = {
			isa = XCBuildConfiguration;
			buildSettings = {
				ALWAYS_SEARCH_USER_PATHS = NO;
				CLANG_ANALYZER_NONNULL = YES;
				CLANG_ANALYZER_NUMBER_OBJECT_CONVERSION = YES_AGGRESSIVE;
				CLANG_CXX_LANGUAGE_STANDARD = "gnu++14";
				CLANG_CXX_LIBRARY = "libc++";
				CLANG_ENABLE_MODULES = YES;
				CLANG_ENABLE_OBJC_ARC = YES;
				CLANG_ENABLE_OBJC_WEAK = YES;
				CLANG_WARN_BLOCK_CAPTURE_AUTORELEASING = YES;
				CLANG_WARN_BOOL_CONVERSION = YES;
				CLANG_WARN_COMMA = YES;
				CLANG_WARN_CONSTANT_CONVERSION = YES;
				CLANG_WARN_DEPRECATED_OBJC_IMPLEMENTATIONS = YES;
				CLANG_WARN_DIRECT_OBJC_ISA_USAGE = YES_ERROR;
				CLANG_WARN_DOCUMENTATION_COMMENTS = YES;
				CLANG_WARN_EMPTY_BODY = YES;
				CLANG_WARN_ENUM_CONVERSION = YES;
				CLANG_WARN_INFINITE_RECURSION = YES;
				CLANG_WARN_INT_CONVERSION = YES;
				CLANG_WARN_NON_LITERAL_NULL_CONVERSION = YES;
				CLANG_WARN_OBJC_IMPLICIT_RETAIN_SELF = YES;
				CLANG_WARN_OBJC_LITERAL_CONVERSION = YES;
				CLANG_WARN_OBJC_ROOT_CLASS = YES_ERROR;
				CLANG_WARN_RANGE_LOOP_ANALYSIS = YES;
				CLANG_WARN_STRICT_PROTOTYPES = YES;
				CLANG_WARN_SUSPICIOUS_MOVE = YES;
				CLANG_WARN_UNGUARDED_AVAILABILITY = YES_AGGRESSIVE;
				CLANG_WARN_UNREACHABLE_CODE = YES;
				CLANG_WARN__DUPLICATE_METHOD_MATCH = YES;
				CODE_SIGN_IDENTITY = "iPhone Developer";
				COPY_PHASE_STRIP = NO;
				DEBUG_INFORMATION_FORMAT = dwarf;
				ENABLE_STRICT_OBJC_MSGSEND = YES;
				ENABLE_TESTABILITY = YES;
				GCC_C_LANGUAGE_STANDARD = gnu11;
				GCC_DYNAMIC_NO_PIC = NO;
				GCC_NO_COMMON_BLOCKS = YES;
				GCC_OPTIMIZATION_LEVEL = 0;
				GCC_PREPROCESSOR_DEFINITIONS = (
					"DEBUG=1",
					"$(inherited)",
				);
				GCC_WARN_64_TO_32_BIT_CONVERSION = YES;
				GCC_WARN_ABOUT_RETURN_TYPE = YES_ERROR;
				GCC_WARN_UNDECLARED_SELECTOR = YES;
				GCC_WARN_UNINITIALIZED_AUTOS = YES_AGGRESSIVE;
				GCC_WARN_UNUSED_FUNCTION = YES;
				GCC_WARN_UNUSED_VARIABLE = YES;
				IPHONEOS_DEPLOYMENT_TARGET = 12.2;
				MTL_ENABLE_DEBUG_INFO = INCLUDE_SOURCE;
				MTL_FAST_MATH = YES;
				ONLY_ACTIVE_ARCH = YES;
				SDKROOT = iphoneos;
				SWIFT_ACTIVE_COMPILATION_CONDITIONS = DEBUG;
				SWIFT_OPTIMIZATION_LEVEL = "-Onone";
			};
			name = Debug;
		};
		5CDCF97F22136E6300E3CA19 /* Release */ = {
			isa = XCBuildConfiguration;
			buildSettings = {
				ALWAYS_SEARCH_USER_PATHS = NO;
				CLANG_ANALYZER_NONNULL = YES;
				CLANG_ANALYZER_NUMBER_OBJECT_CONVERSION = YES_AGGRESSIVE;
				CLANG_CXX_LANGUAGE_STANDARD = "gnu++14";
				CLANG_CXX_LIBRARY = "libc++";
				CLANG_ENABLE_MODULES = YES;
				CLANG_ENABLE_OBJC_ARC = YES;
				CLANG_ENABLE_OBJC_WEAK = YES;
				CLANG_WARN_BLOCK_CAPTURE_AUTORELEASING = YES;
				CLANG_WARN_BOOL_CONVERSION = YES;
				CLANG_WARN_COMMA = YES;
				CLANG_WARN_CONSTANT_CONVERSION = YES;
				CLANG_WARN_DEPRECATED_OBJC_IMPLEMENTATIONS = YES;
				CLANG_WARN_DIRECT_OBJC_ISA_USAGE = YES_ERROR;
				CLANG_WARN_DOCUMENTATION_COMMENTS = YES;
				CLANG_WARN_EMPTY_BODY = YES;
				CLANG_WARN_ENUM_CONVERSION = YES;
				CLANG_WARN_INFINITE_RECURSION = YES;
				CLANG_WARN_INT_CONVERSION = YES;
				CLANG_WARN_NON_LITERAL_NULL_CONVERSION = YES;
				CLANG_WARN_OBJC_IMPLICIT_RETAIN_SELF = YES;
				CLANG_WARN_OBJC_LITERAL_CONVERSION = YES;
				CLANG_WARN_OBJC_ROOT_CLASS = YES_ERROR;
				CLANG_WARN_RANGE_LOOP_ANALYSIS = YES;
				CLANG_WARN_STRICT_PROTOTYPES = YES;
				CLANG_WARN_SUSPICIOUS_MOVE = YES;
				CLANG_WARN_UNGUARDED_AVAILABILITY = YES_AGGRESSIVE;
				CLANG_WARN_UNREACHABLE_CODE = YES;
				CLANG_WARN__DUPLICATE_METHOD_MATCH = YES;
				CODE_SIGN_IDENTITY = "iPhone Developer";
				COPY_PHASE_STRIP = NO;
				DEBUG_INFORMATION_FORMAT = "dwarf-with-dsym";
				ENABLE_NS_ASSERTIONS = NO;
				ENABLE_STRICT_OBJC_MSGSEND = YES;
				GCC_C_LANGUAGE_STANDARD = gnu11;
				GCC_NO_COMMON_BLOCKS = YES;
				GCC_WARN_64_TO_32_BIT_CONVERSION = YES;
				GCC_WARN_ABOUT_RETURN_TYPE = YES_ERROR;
				GCC_WARN_UNDECLARED_SELECTOR = YES;
				GCC_WARN_UNINITIALIZED_AUTOS = YES_AGGRESSIVE;
				GCC_WARN_UNUSED_FUNCTION = YES;
				GCC_WARN_UNUSED_VARIABLE = YES;
				IPHONEOS_DEPLOYMENT_TARGET = 12.2;
				MTL_ENABLE_DEBUG_INFO = NO;
				MTL_FAST_MATH = YES;
				SDKROOT = iphoneos;
				SWIFT_COMPILATION_MODE = wholemodule;
				SWIFT_OPTIMIZATION_LEVEL = "-O";
				VALIDATE_PRODUCT = YES;
			};
			name = Release;
		};
		5CDCF98122136E6300E3CA19 /* Debug */ = {
			isa = XCBuildConfiguration;
			buildSettings = {
				ASSETCATALOG_COMPILER_APPICON_NAME = AppIcon;
				CODE_SIGN_STYLE = Automatic;
				DEVELOPMENT_TEAM = 757N5X329U;
				INFOPLIST_FILE = QuotesApp/Info.plist;
				LD_RUNPATH_SEARCH_PATHS = (
					"$(inherited)",
					"@executable_path/Frameworks",
				);
				PRODUCT_BUNDLE_IDENTIFIER = com.michaelgagemiles.QuotesApp;
				PRODUCT_NAME = "$(TARGET_NAME)";
				SWIFT_VERSION = 5.0;
				TARGETED_DEVICE_FAMILY = "1,2";
			};
			name = Debug;
		};
		5CDCF98222136E6300E3CA19 /* Release */ = {
			isa = XCBuildConfiguration;
			buildSettings = {
				ASSETCATALOG_COMPILER_APPICON_NAME = AppIcon;
				CODE_SIGN_STYLE = Automatic;
				DEVELOPMENT_TEAM = 757N5X329U;
				INFOPLIST_FILE = QuotesApp/Info.plist;
				LD_RUNPATH_SEARCH_PATHS = (
					"$(inherited)",
					"@executable_path/Frameworks",
				);
				PRODUCT_BUNDLE_IDENTIFIER = com.michaelgagemiles.QuotesApp;
				PRODUCT_NAME = "$(TARGET_NAME)";
				SWIFT_VERSION = 5.0;
				TARGETED_DEVICE_FAMILY = "1,2";
			};
			name = Release;
		};
/* End XCBuildConfiguration section */

/* Begin XCConfigurationList section */
		5CDCF96922136E6200E3CA19 /* Build configuration list for PBXProject "QuotesApp" */ = {
			isa = XCConfigurationList;
			buildConfigurations = (
				5CDCF97E22136E6300E3CA19 /* Debug */,
				5CDCF97F22136E6300E3CA19 /* Release */,
			);
			defaultConfigurationIsVisible = 0;
			defaultConfigurationName = Release;
		};
		5CDCF98022136E6300E3CA19 /* Build configuration list for PBXNativeTarget "QuotesApp" */ = {
			isa = XCConfigurationList;
			buildConfigurations = (
				5CDCF98122136E6300E3CA19 /* Debug */,
				5CDCF98222136E6300E3CA19 /* Release */,
			);
			defaultConfigurationIsVisible = 0;
			defaultConfigurationName = Release;
		};
/* End XCConfigurationList section */
	};
	rootObject = 5CDCF96622136E6200E3CA19 /* Project object */;
}
